
Microsoft Visual Studio Solution File, Format Version 12.00
# Visual Studio Version 17
VisualStudioVersion = 17.6.33829.357
MinimumVisualStudioVersion = 10.0.40219.1
Project("{FAE04EC0-301F-11D3-BF4B-00C04F79EFBC}") = "Flight", "Flight\Flight.csproj", "{788FB76C-F395-42EC-9530-E92AEAF5CFE5}"
EndProject
Project("{FAE04EC0-301F-11D3-BF4B-00C04F79EFBC}") = "Domain.Tests", "Domain.Tests\Domain.Tests.csproj", "{967A99CA-B50D-4C2F-B251-E772FE97F468}"
EndProject
Project("{FAE04EC0-301F-11D3-BF4B-00C04F79EFBC}") = "Domain", "Domain\Domain.csproj", "{3038BC36-A513-4BC4-AF13-B7E8A8E17498}"
EndProject
Global
	GlobalSection(SolutionConfigurationPlatforms) = preSolution
		Debug|Any CPU = Debug|Any CPU
		Release|Any CPU = Release|Any CPU
	EndGlobalSection
	GlobalSection(ProjectConfigurationPlatforms) = postSolution
		{788FB76C-F395-42EC-9530-E92AEAF5CFE5}.Debug|Any CPU.ActiveCfg = Debug|Any CPU
		{788FB76C-F395-42EC-9530-E92AEAF5CFE5}.Debug|Any CPU.Build.0 = Debug|Any CPU
		{788FB76C-F395-42EC-9530-E92AEAF5CFE5}.Release|Any CPU.ActiveCfg = Release|Any CPU
		{788FB76C-F395-42EC-9530-E92AEAF5CFE5}.Release|Any CPU.Build.0 = Release|Any CPU
		{967A99CA-B50D-4C2F-B251-E772FE97F468}.Debug|Any CPU.ActiveCfg = Debug|Any CPU
		{967A99CA-B50D-4C2F-B251-E772FE97F468}.Debug|Any CPU.Build.0 = Debug|Any CPU
		{967A99CA-B50D-4C2F-B251-E772FE97F468}.Release|Any CPU.ActiveCfg = Release|Any CPU
		{967A99CA-B50D-4C2F-B251-E772FE97F468}.Release|Any CPU.Build.0 = Release|Any CPU
		{3038BC36-A513-4BC4-AF13-B7E8A8E17498}.Debug|Any CPU.ActiveCfg = Debug|Any CPU
		{3038BC36-A513-4BC4-AF13-B7E8A8E17498}.Debug|Any CPU.Build.0 = Debug|Any CPU
		{3038BC36-A513-4BC4-AF13-B7E8A8E17498}.Release|Any CPU.ActiveCfg = Release|Any CPU
		{3038BC36-A513-4BC4-AF13-B7E8A8E17498}.Release|Any CPU.Build.0 = Release|Any CPU
	EndGlobalSection
	GlobalSection(SolutionProperties) = preSolution
		HideSolutionNode = FALSE
	EndGlobalSection
	GlobalSection(ExtensibilityGlobals) = postSolution
		SolutionGuid = {33C7B4DC-9FFC-47CA-A2D6-4BA3078A5896}
	EndGlobalSection
EndGlobal
